// !$*UTF8*$!
{
	archiveVersion = 1;
	classes = {
	};
	objectVersion = 46;
	objects = {

/* Begin PBXBuildFile section */
		17CD756119C4C13600D69E5E /* Foundation.framework in Frameworks */ = {isa = PBXBuildFile; fileRef = 17CD756019C4C13600D69E5E /* Foundation.framework */; };
		17CD756319C4C13600D69E5E /* CoreGraphics.framework in Frameworks */ = {isa = PBXBuildFile; fileRef = 17CD756219C4C13600D69E5E /* CoreGraphics.framework */; };
		17CD756519C4C13600D69E5E /* UIKit.framework in Frameworks */ = {isa = PBXBuildFile; fileRef = 17CD756419C4C13600D69E5E /* UIKit.framework */; };
		17CD756B19C4C13600D69E5E /* InfoPlist.strings in Resources */ = {isa = PBXBuildFile; fileRef = 17CD756919C4C13600D69E5E /* InfoPlist.strings */; };
		17CD756D19C4C13600D69E5E /* main.m in Sources */ = {isa = PBXBuildFile; fileRef = 17CD756C19C4C13600D69E5E /* main.m */; };
		17CD757119C4C13700D69E5E /* WUUAppDelegate.m in Sources */ = {isa = PBXBuildFile; fileRef = 17CD757019C4C13700D69E5E /* WUUAppDelegate.m */; };
		17CD757319C4C13700D69E5E /* Images.xcassets in Resources */ = {isa = PBXBuildFile; fileRef = 17CD757219C4C13700D69E5E /* Images.xcassets */; };
		17CD757A19C4C13700D69E5E /* XCTest.framework in Frameworks */ = {isa = PBXBuildFile; fileRef = 17CD757919C4C13700D69E5E /* XCTest.framework */; };
		17CD757B19C4C13700D69E5E /* Foundation.framework in Frameworks */ = {isa = PBXBuildFile; fileRef = 17CD756019C4C13600D69E5E /* Foundation.framework */; };
		17CD757C19C4C13700D69E5E /* UIKit.framework in Frameworks */ = {isa = PBXBuildFile; fileRef = 17CD756419C4C13600D69E5E /* UIKit.framework */; };
		17CD758419C4C13700D69E5E /* InfoPlist.strings in Resources */ = {isa = PBXBuildFile; fileRef = 17CD758219C4C13700D69E5E /* InfoPlist.strings */; };
		17CD758619C4C13700D69E5E /* WakeUsUpTests.m in Sources */ = {isa = PBXBuildFile; fileRef = 17CD758519C4C13700D69E5E /* WakeUsUpTests.m */; };
/* End PBXBuildFile section */

/* Begin PBXContainerItemProxy section */
		17CD757D19C4C13700D69E5E /* PBXContainerItemProxy */ = {
			isa = PBXContainerItemProxy;
			containerPortal = 17CD755519C4C13600D69E5E /* Project object */;
			proxyType = 1;
			remoteGlobalIDString = 17CD755C19C4C13600D69E5E;
			remoteInfo = WakeUsUp;
		};
/* End PBXContainerItemProxy section */

/* Begin PBXFileReference section */
		17CD755D19C4C13600D69E5E /* WakeUsUp.app */ = {isa = PBXFileReference; explicitFileType = wrapper.application; includeInIndex = 0; path = WakeUsUp.app; sourceTree = BUILT_PRODUCTS_DIR; };
		17CD756019C4C13600D69E5E /* Foundation.framework */ = {isa = PBXFileReference; lastKnownFileType = wrapper.framework; name = Foundation.framework; path = System/Library/Frameworks/Foundation.framework; sourceTree = SDKROOT; };
		17CD756219C4C13600D69E5E /* CoreGraphics.framework */ = {isa = PBXFileReference; lastKnownFileType = wrapper.framework; name = CoreGraphics.framework; path = System/Library/Frameworks/CoreGraphics.framework; sourceTree = SDKROOT; };
		17CD756419C4C13600D69E5E /* UIKit.framework */ = {isa = PBXFileReference; lastKnownFileType = wrapper.framework; name = UIKit.framework; path = System/Library/Frameworks/UIKit.framework; sourceTree = SDKROOT; };
		17CD756819C4C13600D69E5E /* WakeUsUp-Info.plist */ = {isa = PBXFileReference; lastKnownFileType = text.plist.xml; path = "WakeUsUp-Info.plist"; sourceTree = "<group>"; };
		17CD756A19C4C13600D69E5E /* en */ = {isa = PBXFileReference; lastKnownFileType = text.plist.strings; name = en; path = en.lproj/InfoPlist.strings; sourceTree = "<group>"; };
		17CD756C19C4C13600D69E5E /* main.m */ = {isa = PBXFileReference; lastKnownFileType = sourcecode.c.objc; path = main.m; sourceTree = "<group>"; };
		17CD756E19C4C13600D69E5E /* WakeUsUp-Prefix.pch */ = {isa = PBXFileReference; lastKnownFileType = sourcecode.c.h; path = "WakeUsUp-Prefix.pch"; sourceTree = "<group>"; };
		17CD756F19C4C13600D69E5E /* WUUAppDelegate.h */ = {isa = PBXFileReference; lastKnownFileType = sourcecode.c.h; path = WUUAppDelegate.h; sourceTree = "<group>"; };
		17CD757019C4C13700D69E5E /* WUUAppDelegate.m */ = {isa = PBXFileReference; lastKnownFileType = sourcecode.c.objc; path = WUUAppDelegate.m; sourceTree = "<group>"; };
		17CD757219C4C13700D69E5E /* Images.xcassets */ = {isa = PBXFileReference; lastKnownFileType = folder.assetcatalog; path = Images.xcassets; sourceTree = "<group>"; };
		17CD757819C4C13700D69E5E /* WakeUsUpTests.xctest */ = {isa = PBXFileReference; explicitFileType = wrapper.cfbundle; includeInIndex = 0; path = WakeUsUpTests.xctest; sourceTree = BUILT_PRODUCTS_DIR; };
		17CD757919C4C13700D69E5E /* XCTest.framework */ = {isa = PBXFileReference; lastKnownFileType = wrapper.framework; name = XCTest.framework; path = Library/Frameworks/XCTest.framework; sourceTree = DEVELOPER_DIR; };
		17CD758119C4C13700D69E5E /* WakeUsUpTests-Info.plist */ = {isa = PBXFileReference; lastKnownFileType = text.plist.xml; path = "WakeUsUpTests-Info.plist"; sourceTree = "<group>"; };
		17CD758319C4C13700D69E5E /* en */ = {isa = PBXFileReference; lastKnownFileType = text.plist.strings; name = en; path = en.lproj/InfoPlist.strings; sourceTree = "<group>"; };
		17CD758519C4C13700D69E5E /* WakeUsUpTests.m */ = {isa = PBXFileReference; lastKnownFileType = sourcecode.c.objc; path = WakeUsUpTests.m; sourceTree = "<group>"; };
/* End PBXFileReference section */

/* Begin PBXFrameworksBuildPhase section */
		17CD755A19C4C13600D69E5E /* Frameworks */ = {
			isa = PBXFrameworksBuildPhase;
			buildActionMask = 2147483647;
			files = (
				17CD756319C4C13600D69E5E /* CoreGraphics.framework in Frameworks */,
				17CD756519C4C13600D69E5E /* UIKit.framework in Frameworks */,
				17CD756119C4C13600D69E5E /* Foundation.framework in Frameworks */,
			);
			runOnlyForDeploymentPostprocessing = 0;
		};
		17CD757519C4C13700D69E5E /* Frameworks */ = {
			isa = PBXFrameworksBuildPhase;
			buildActionMask = 2147483647;
			files = (
				17CD757A19C4C13700D69E5E /* XCTest.framework in Frameworks */,
				17CD757C19C4C13700D69E5E /* UIKit.framework in Frameworks */,
				17CD757B19C4C13700D69E5E /* Foundation.framework in Frameworks */,
			);
			runOnlyForDeploymentPostprocessing = 0;
		};
/* End PBXFrameworksBuildPhase section */

/* Begin PBXGroup section */
		17CD755419C4C13600D69E5E = {
			isa = PBXGroup;
			children = (
				17CD756619C4C13600D69E5E /* WakeUsUp */,
				17CD757F19C4C13700D69E5E /* WakeUsUpTests */,
				17CD755F19C4C13600D69E5E /* Frameworks */,
				17CD755E19C4C13600D69E5E /* Products */,
			);
			sourceTree = "<group>";
		};
		17CD755E19C4C13600D69E5E /* Products */ = {
			isa = PBXGroup;
			children = (
				17CD755D19C4C13600D69E5E /* WakeUsUp.app */,
				17CD757819C4C13700D69E5E /* WakeUsUpTests.xctest */,
			);
			name = Products;
			sourceTree = "<group>";
		};
		17CD755F19C4C13600D69E5E /* Frameworks */ = {
			isa = PBXGroup;
			children = (
				17CD756019C4C13600D69E5E /* Foundation.framework */,
				17CD756219C4C13600D69E5E /* CoreGraphics.framework */,
				17CD756419C4C13600D69E5E /* UIKit.framework */,
				17CD757919C4C13700D69E5E /* XCTest.framework */,
			);
			name = Frameworks;
			sourceTree = "<group>";
		};
		17CD756619C4C13600D69E5E /* WakeUsUp */ = {
			isa = PBXGroup;
			children = (
				17CD756F19C4C13600D69E5E /* WUUAppDelegate.h */,
				17CD757019C4C13700D69E5E /* WUUAppDelegate.m */,
				17CD757219C4C13700D69E5E /* Images.xcassets */,
				17CD756719C4C13600D69E5E /* Supporting Files */,
			);
			path = WakeUsUp;
			sourceTree = "<group>";
		};
		17CD756719C4C13600D69E5E /* Supporting Files */ = {
			isa = PBXGroup;
			children = (
				17CD756819C4C13600D69E5E /* WakeUsUp-Info.plist */,
				17CD756919C4C13600D69E5E /* InfoPlist.strings */,
				17CD756C19C4C13600D69E5E /* main.m */,
				17CD756E19C4C13600D69E5E /* WakeUsUp-Prefix.pch */,
			);
			name = "Supporting Files";
			sourceTree = "<group>";
		};
		17CD757F19C4C13700D69E5E /* WakeUsUpTests */ = {
			isa = PBXGroup;
			children = (
				17CD758519C4C13700D69E5E /* WakeUsUpTests.m */,
				17CD758019C4C13700D69E5E /* Supporting Files */,
			);
			path = WakeUsUpTests;
			sourceTree = "<group>";
		};
		17CD758019C4C13700D69E5E /* Supporting Files */ = {
			isa = PBXGroup;
			children = (
				17CD758119C4C13700D69E5E /* WakeUsUpTests-Info.plist */,
				17CD758219C4C13700D69E5E /* InfoPlist.strings */,
			);
			name = "Supporting Files";
			sourceTree = "<group>";
		};
/* End PBXGroup section */

/* Begin PBXNativeTarget section */
		17CD755C19C4C13600D69E5E /* WakeUsUp */ = {
			isa = PBXNativeTarget;
			buildConfigurationList = 17CD758919C4C13700D69E5E /* Build configuration list for PBXNativeTarget "WakeUsUp" */;
			buildPhases = (
				17CD755919C4C13600D69E5E /* Sources */,
				17CD755A19C4C13600D69E5E /* Frameworks */,
				17CD755B19C4C13600D69E5E /* Resources */,
			);
			buildRules = (
			);
			dependencies = (
			);
			name = WakeUsUp;
			productName = WakeUsUp;
			productReference = 17CD755D19C4C13600D69E5E /* WakeUsUp.app */;
			productType = "com.apple.product-type.application";
		};
		17CD757719C4C13700D69E5E /* WakeUsUpTests */ = {
			isa = PBXNativeTarget;
			buildConfigurationList = 17CD758C19C4C13700D69E5E /* Build configuration list for PBXNativeTarget "WakeUsUpTests" */;
			buildPhases = (
				17CD757419C4C13700D69E5E /* Sources */,
				17CD757519C4C13700D69E5E /* Frameworks */,
				17CD757619C4C13700D69E5E /* Resources */,
			);
			buildRules = (
			);
			dependencies = (
				17CD757E19C4C13700D69E5E /* PBXTargetDependency */,
			);
			name = WakeUsUpTests;
			productName = WakeUsUpTests;
			productReference = 17CD757819C4C13700D69E5E /* WakeUsUpTests.xctest */;
			productType = "com.apple.product-type.bundle.unit-test";
		};
/* End PBXNativeTarget section */

/* Begin PBXProject section */
		17CD755519C4C13600D69E5E /* Project object */ = {
			isa = PBXProject;
			attributes = {
				CLASSPREFIX = WUU;
				LastUpgradeCheck = 0510;
				ORGANIZATIONNAME = David.Cao;
				TargetAttributes = {
					17CD757719C4C13700D69E5E = {
						TestTargetID = 17CD755C19C4C13600D69E5E;
					};
				};
			};
			buildConfigurationList = 17CD755819C4C13600D69E5E /* Build configuration list for PBXProject "WakeUsUp" */;
			compatibilityVersion = "Xcode 3.2";
			developmentRegion = English;
			hasScannedForEncodings = 0;
			knownRegions = (
				en,
			);
			mainGroup = 17CD755419C4C13600D69E5E;
			productRefGroup = 17CD755E19C4C13600D69E5E /* Products */;
			projectDirPath = "";
			projectRoot = "";
			targets = (
				17CD755C19C4C13600D69E5E /* WakeUsUp */,
				17CD757719C4C13700D69E5E /* WakeUsUpTests */,
			);
		};
/* End PBXProject section */

/* Begin PBXResourcesBuildPhase section */
		17CD755B19C4C13600D69E5E /* Resources */ = {
			isa = PBXResourcesBuildPhase;
			buildActionMask = 2147483647;
			files = (
				17CD756B19C4C13600D69E5E /* InfoPlist.strings in Resources */,
				17CD757319C4C13700D69E5E /* Images.xcassets in Resources */,
			);
			runOnlyForDeploymentPostprocessing = 0;
		};
		17CD757619C4C13700D69E5E /* Resources */ = {
			isa = PBXResourcesBuildPhase;
			buildActionMask = 2147483647;
			files = (
				17CD758419C4C13700D69E5E /* InfoPlist.strings in Resources */,
			);
			runOnlyForDeploymentPostprocessing = 0;
		};
/* End PBXResourcesBuildPhase section */

/* Begin PBXSourcesBuildPhase section */
		17CD755919C4C13600D69E5E /* Sources */ = {
			isa = PBXSourcesBuildPhase;
			buildActionMask = 2147483647;
			files = (
				17CD757119C4C13700D69E5E /* WUUAppDelegate.m in Sources */,
				17CD756D19C4C13600D69E5E /* main.m in Sources */,
			);
			runOnlyForDeploymentPostprocessing = 0;
		};
		17CD757419C4C13700D69E5E /* Sources */ = {
			isa = PBXSourcesBuildPhase;
			buildActionMask = 2147483647;
			files = (
				17CD758619C4C13700D69E5E /* WakeUsUpTests.m in Sources */,
			);
			runOnlyForDeploymentPostprocessing = 0;
		};
/* End PBXSourcesBuildPhase section */

/* Begin PBXTargetDependency section */
		17CD757E19C4C13700D69E5E /* PBXTargetDependency */ = {
			isa = PBXTargetDependency;
			target = 17CD755C19C4C13600D69E5E /* WakeUsUp */;
			targetProxy = 17CD757D19C4C13700D69E5E /* PBXContainerItemProxy */;
		};
/* End PBXTargetDependency section */

/* Begin PBXVariantGroup section */
		17CD756919C4C13600D69E5E /* InfoPlist.strings */ = {
			isa = PBXVariantGroup;
			children = (
				17CD756A19C4C13600D69E5E /* en */,
			);
			name = InfoPlist.strings;
			sourceTree = "<group>";
		};
		17CD758219C4C13700D69E5E /* InfoPlist.strings */ = {
			isa = PBXVariantGroup;
			children = (
				17CD758319C4C13700D69E5E /* en */,
			);
			name = InfoPlist.strings;
			sourceTree = "<group>";
		};
/* End PBXVariantGroup section */

/* Begin XCBuildConfiguration section */
		17CD758719C4C13700D69E5E /* Debug */ = {
			isa = XCBuildConfiguration;
			buildSettings = {
				ALWAYS_SEARCH_USER_PATHS = NO;
				CLANG_CXX_LANGUAGE_STANDARD = "gnu++0x";
				CLANG_CXX_LIBRARY = "libc++";
				CLANG_ENABLE_MODULES = YES;
				CLANG_ENABLE_OBJC_ARC = YES;
				CLANG_WARN_BOOL_CONVERSION = YES;
				CLANG_WARN_CONSTANT_CONVERSION = YES;
				CLANG_WARN_DIRECT_OBJC_ISA_USAGE = YES_ERROR;
				CLANG_WARN_EMPTY_BODY = YES;
				CLANG_WARN_ENUM_CONVERSION = YES;
				CLANG_WARN_INT_CONVERSION = YES;
				CLANG_WARN_OBJC_ROOT_CLASS = YES_ERROR;
				CLANG_WARN__DUPLICATE_METHOD_MATCH = YES;
				"CODE_SIGN_IDENTITY[sdk=iphoneos*]" = "iPhone Developer";
				COPY_PHASE_STRIP = NO;
				GCC_C_LANGUAGE_STANDARD = gnu99;
				GCC_DYNAMIC_NO_PIC = NO;
				GCC_OPTIMIZATION_LEVEL = 0;
				GCC_PREPROCESSOR_DEFINITIONS = (
					"DEBUG=1",
					"$(inherited)",
				);
				GCC_SYMBOLS_PRIVATE_EXTERN = NO;
				GCC_WARN_64_TO_32_BIT_CONVERSION = YES;
				GCC_WARN_ABOUT_RETURN_TYPE = YES_ERROR;
				GCC_WARN_UNDECLARED_SELECTOR = YES;
				GCC_WARN_UNINITIALIZED_AUTOS = YES_AGGRESSIVE;
				GCC_WARN_UNUSED_FUNCTION = YES;
				GCC_WARN_UNUSED_VARIABLE = YES;
				IPHONEOS_DEPLOYMENT_TARGET = 7.1;
				ONLY_ACTIVE_ARCH = YES;
				SDKROOT = iphoneos;
				TARGETED_DEVICE_FAMILY = "1,2";
			};
			name = Debug;
		};
		17CD758819C4C13700D69E5E /* Release */ = {
			isa = XCBuildConfiguration;
			buildSettings = {
				ALWAYS_SEARCH_USER_PATHS = NO;
				CLANG_CXX_LANGUAGE_STANDARD = "gnu++0x";
				CLANG_CXX_LIBRARY = "libc++";
				CLANG_ENABLE_MODULES = YES;
				CLANG_ENABLE_OBJC_ARC = YES;
				CLANG_WARN_BOOL_CONVERSION = YES;
				CLANG_WARN_CONSTANT_CONVERSION = YES;
				CLANG_WARN_DIRECT_OBJC_ISA_USAGE = YES_ERROR;
				CLANG_WARN_EMPTY_BODY = YES;
				CLANG_WARN_ENUM_CONVERSION = YES;
				CLANG_WARN_INT_CONVERSION = YES;
				CLANG_WARN_OBJC_ROOT_CLASS = YES_ERROR;
				CLANG_WARN__DUPLICATE_METHOD_MATCH = YES;
				"CODE_SIGN_IDENTITY[sdk=iphoneos*]" = "iPhone Developer";
				COPY_PHASE_STRIP = YES;
				ENABLE_NS_ASSERTIONS = NO;
				GCC_C_LANGUAGE_STANDARD = gnu99;
				GCC_WARN_64_TO_32_BIT_CONVERSION = YES;
				GCC_WARN_ABOUT_RETURN_TYPE = YES_ERROR;
				GCC_WARN_UNDECLARED_SELECTOR = YES;
				GCC_WARN_UNINITIALIZED_AUTOS = YES_AGGRESSIVE;
				GCC_WARN_UNUSED_FUNCTION = YES;
				GCC_WARN_UNUSED_VARIABLE = YES;
				IPHONEOS_DEPLOYMENT_TARGET = 7.1;
				SDKROOT = iphoneos;
				TARGETED_DEVICE_FAMILY = "1,2";
				VALIDATE_PRODUCT = YES;
			};
			name = Release;
		};
		17CD758A19C4C13700D69E5E /* Debug */ = {
			isa = XCBuildConfiguration;
			buildSettings = {
				ASSETCATALOG_COMPILER_APPICON_NAME = AppIcon;
				ASSETCATALOG_COMPILER_LAUNCHIMAGE_NAME = LaunchImage;
				GCC_PRECOMPILE_PREFIX_HEADER = YES;
				GCC_PREFIX_HEADER = "WakeUsUp/WakeUsUp-Prefix.pch";
				INFOPLIST_FILE = "WakeUsUp/WakeUsUp-Info.plist";
				PRODUCT_NAME = "$(TARGET_NAME)";
				WRAPPER_EXTENSION = app;
			};
			name = Debug;
		};
		17CD758B19C4C13700D69E5E /* Release */ = {
			isa = XCBuildConfiguration;
			buildSettings = {
				ASSETCATALOG_COMPILER_APPICON_NAME = AppIcon;
				ASSETCATALOG_COMPILER_LAUNCHIMAGE_NAME = LaunchImage;
				GCC_PRECOMPILE_PREFIX_HEADER = YES;
				GCC_PREFIX_HEADER = "WakeUsUp/WakeUsUp-Prefix.pch";
				INFOPLIST_FILE = "WakeUsUp/WakeUsUp-Info.plist";
				PRODUCT_NAME = "$(TARGET_NAME)";
				WRAPPER_EXTENSION = app;
			};
			name = Release;
		};
		17CD758D19C4C13700D69E5E /* Debug */ = {
			isa = XCBuildConfiguration;
			buildSettings = {
				BUNDLE_LOADER = "$(BUILT_PRODUCTS_DIR)/WakeUsUp.app/WakeUsUp";
				FRAMEWORK_SEARCH_PATHS = (
					"$(SDKROOT)/Developer/Library/Frameworks",
					"$(inherited)",
					"$(DEVELOPER_FRAMEWORKS_DIR)",
				);
				GCC_PRECOMPILE_PREFIX_HEADER = YES;
				GCC_PREFIX_HEADER = "WakeUsUp/WakeUsUp-Prefix.pch";
				GCC_PREPROCESSOR_DEFINITIONS = (
					"DEBUG=1",
					"$(inherited)",
				);
				INFOPLIST_FILE = "WakeUsUpTests/WakeUsUpTests-Info.plist";
				PRODUCT_NAME = "$(TARGET_NAME)";
				TEST_HOST = "$(BUNDLE_LOADER)";
				WRAPPER_EXTENSION = xctest;
			};
			name = Debug;
		};
		17CD758E19C4C13700D69E5E /* Release */ = {
			isa = XCBuildConfiguration;
			buildSettings = {
				BUNDLE_LOADER = "$(BUILT_PRODUCTS_DIR)/WakeUsUp.app/WakeUsUp";
				FRAMEWORK_SEARCH_PATHS = (
					"$(SDKROOT)/Developer/Library/Frameworks",
					"$(inherited)",
					"$(DEVELOPER_FRAMEWORKS_DIR)",
				);
				GCC_PRECOMPILE_PREFIX_HEADER = YES;
				GCC_PREFIX_HEADER = "WakeUsUp/WakeUsUp-Prefix.pch";
				INFOPLIST_FILE = "WakeUsUpTests/WakeUsUpTests-Info.plist";
				PRODUCT_NAME = "$(TARGET_NAME)";
				TEST_HOST = "$(BUNDLE_LOADER)";
				WRAPPER_EXTENSION = xctest;
			};
			name = Release;
		};
/* End XCBuildConfiguration section */

/* Begin XCConfigurationList section */
		17CD755819C4C13600D69E5E /* Build configuration list for PBXProject "WakeUsUp" */ = {
			isa = XCConfigurationList;
			buildConfigurations = (
				17CD758719C4C13700D69E5E /* Debug */,
				17CD758819C4C13700D69E5E /* Release */,
			);
			defaultConfigurationIsVisible = 0;
			defaultConfigurationName = Release;
		};
		17CD758919C4C13700D69E5E /* Build configuration list for PBXNativeTarget "WakeUsUp" */ = {
			isa = XCConfigurationList;
			buildConfigurations = (
				17CD758A19C4C13700D69E5E /* Debug */,
				17CD758B19C4C13700D69E5E /* Release */,
			);
			defaultConfigurationIsVisible = 0;
		};
		17CD758C19C4C13700D69E5E /* Build configuration list for PBXNativeTarget "WakeUsUpTests" */ = {
			isa = XCConfigurationList;
			buildConfigurations = (
				17CD758D19C4C13700D69E5E /* Debug */,
				17CD758E19C4C13700D69E5E /* Release */,
			);
			defaultConfigurationIsVisible = 0;
		};
/* End XCConfigurationList section */
	};
	rootObject = 17CD755519C4C13600D69E5E /* Project object */;
}
